
Microsoft Visual Studio Solution File, Format Version 12.00
# Visual Studio Version 17
VisualStudioVersion = 17.3.32929.385
MinimumVisualStudioVersion = 10.0.40219.1
Project("{FAE04EC0-301F-11D3-BF4B-00C04F79EFBC}") = "Test fuzzy", "Test fuzzy\Test fuzzy.csproj", "{1136436D-D42A-4372-88AC-DA69F80AD12F}"
EndProject
Global
	GlobalSection(SolutionConfigurationPlatforms) = preSolution
		Debug|Any CPU = Debug|Any CPU
		Release|Any CPU = Release|Any CPU
	EndGlobalSection
	GlobalSection(ProjectConfigurationPlatforms) = postSolution
		{1136436D-D42A-4372-88AC-DA69F80AD12F}.Debug|Any CPU.ActiveCfg = Debug|Any CPU
		{1136436D-D42A-4372-88AC-DA69F80AD12F}.Debug|Any CPU.Build.0 = Debug|Any CPU
		{1136436D-D42A-4372-88AC-DA69F80AD12F}.Release|Any CPU.ActiveCfg = Release|Any CPU
		{1136436D-D42A-4372-88AC-DA69F80AD12F}.Release|Any CPU.Build.0 = Release|Any CPU
	EndGlobalSection
	GlobalSection(SolutionProperties) = preSolution
		HideSolutionNode = FALSE
	EndGlobalSection
	GlobalSection(ExtensibilityGlobals) = postSolution
		SolutionGuid = {95D9AB81-ADBE-45DA-8795-B177B0364651}
	EndGlobalSection
EndGlobal
